
Microsoft Visual Studio Solution File, Format Version 12.00
# Visual Studio Version 17
VisualStudioVersion = 17.11.35222.181
MinimumVisualStudioVersion = 10.0.40219.1
Project("{9A19103F-16F7-4668-BE54-9A1E7A4F7556}") = "Veterinary.API", "Veterinary.APi\Veterinary.API.csproj", "{4F8F51EE-4909-47B2-83F8-4F42331E0985}"
EndProject
Project("{9A19103F-16F7-4668-BE54-9A1E7A4F7556}") = "Veterinary.Shared", "Veterinary.Shared\Veterinary.Shared.csproj", "{0CD9B0DC-04A3-4B9E-B535-DFD42CBA04CF}"
EndProject
Project("{9A19103F-16F7-4668-BE54-9A1E7A4F7556}") = "Veterinary.WEB", "Veterinary.WEB\Veterinary.WEB.csproj", "{17E784B3-2838-43DD-A087-4E0D954A80FB}"
EndProject
Global
	GlobalSection(SolutionConfigurationPlatforms) = preSolution
		Debug|Any CPU = Debug|Any CPU
		Release|Any CPU = Release|Any CPU
	EndGlobalSection
	GlobalSection(ProjectConfigurationPlatforms) = postSolution
		{4F8F51EE-4909-47B2-83F8-4F42331E0985}.Debug|Any CPU.ActiveCfg = Debug|Any CPU
		{4F8F51EE-4909-47B2-83F8-4F42331E0985}.Debug|Any CPU.Build.0 = Debug|Any CPU
		{4F8F51EE-4909-47B2-83F8-4F42331E0985}.Release|Any CPU.ActiveCfg = Release|Any CPU
		{4F8F51EE-4909-47B2-83F8-4F42331E0985}.Release|Any CPU.Build.0 = Release|Any CPU
		{0CD9B0DC-04A3-4B9E-B535-DFD42CBA04CF}.Debug|Any CPU.ActiveCfg = Debug|Any CPU
		{0CD9B0DC-04A3-4B9E-B535-DFD42CBA04CF}.Debug|Any CPU.Build.0 = Debug|Any CPU
		{0CD9B0DC-04A3-4B9E-B535-DFD42CBA04CF}.Release|Any CPU.ActiveCfg = Release|Any CPU
		{0CD9B0DC-04A3-4B9E-B535-DFD42CBA04CF}.Release|Any CPU.Build.0 = Release|Any CPU
		{17E784B3-2838-43DD-A087-4E0D954A80FB}.Debug|Any CPU.ActiveCfg = Debug|Any CPU
		{17E784B3-2838-43DD-A087-4E0D954A80FB}.Debug|Any CPU.Build.0 = Debug|Any CPU
		{17E784B3-2838-43DD-A087-4E0D954A80FB}.Release|Any CPU.ActiveCfg = Release|Any CPU
		{17E784B3-2838-43DD-A087-4E0D954A80FB}.Release|Any CPU.Build.0 = Release|Any CPU
	EndGlobalSection
	GlobalSection(SolutionProperties) = preSolution
		HideSolutionNode = FALSE
	EndGlobalSection
	GlobalSection(ExtensibilityGlobals) = postSolution
		SolutionGuid = {476FC16D-3404-48F5-A4F3-8E794602326A}
	EndGlobalSection
EndGlobal
